
Microsoft Visual Studio Solution File, Format Version 12.00
# Visual Studio Express 2013 for Windows Desktop
VisualStudioVersion = 12.0.31101.0
MinimumVisualStudioVersion = 10.0.40219.1
Project("{FAE04EC0-301F-11D3-BF4B-00C04F79EFBC}") = "MEF_Teste", "MEF_Teste\MEF_Teste.csproj", "{553F22C5-ED8A-4968-ABA1-90860C6B2A61}"
EndProject
Project("{FAE04EC0-301F-11D3-BF4B-00C04F79EFBC}") = "MEF_Teste.Interfaces", "MEF_Teste.Interfaces\MEF_Teste.Interfaces.csproj", "{598C7228-6871-47A8-A36C-72C142CDA8F6}"
EndProject
Project("{FAE04EC0-301F-11D3-BF4B-00C04F79EFBC}") = "MEF_Teste.Madeira", "MEF_Teste.Madeira\MEF_Teste.Madeira.csproj", "{FEB9DE8A-4DB8-4D05-9812-4347774B6C85}"
EndProject
Global
	GlobalSection(SolutionConfigurationPlatforms) = preSolution
		Debug|Any CPU = Debug|Any CPU
		Release|Any CPU = Release|Any CPU
	EndGlobalSection
	GlobalSection(ProjectConfigurationPlatforms) = postSolution
		{553F22C5-ED8A-4968-ABA1-90860C6B2A61}.Debug|Any CPU.ActiveCfg = Debug|Any CPU
		{553F22C5-ED8A-4968-ABA1-90860C6B2A61}.Debug|Any CPU.Build.0 = Debug|Any CPU
		{553F22C5-ED8A-4968-ABA1-90860C6B2A61}.Release|Any CPU.ActiveCfg = Release|Any CPU
		{553F22C5-ED8A-4968-ABA1-90860C6B2A61}.Release|Any CPU.Build.0 = Release|Any CPU
		{598C7228-6871-47A8-A36C-72C142CDA8F6}.Debug|Any CPU.ActiveCfg = Debug|Any CPU
		{598C7228-6871-47A8-A36C-72C142CDA8F6}.Debug|Any CPU.Build.0 = Debug|Any CPU
		{598C7228-6871-47A8-A36C-72C142CDA8F6}.Release|Any CPU.ActiveCfg = Release|Any CPU
		{598C7228-6871-47A8-A36C-72C142CDA8F6}.Release|Any CPU.Build.0 = Release|Any CPU
		{FEB9DE8A-4DB8-4D05-9812-4347774B6C85}.Debug|Any CPU.ActiveCfg = Debug|Any CPU
		{FEB9DE8A-4DB8-4D05-9812-4347774B6C85}.Debug|Any CPU.Build.0 = Debug|Any CPU
		{FEB9DE8A-4DB8-4D05-9812-4347774B6C85}.Release|Any CPU.ActiveCfg = Release|Any CPU
		{FEB9DE8A-4DB8-4D05-9812-4347774B6C85}.Release|Any CPU.Build.0 = Release|Any CPU
	EndGlobalSection
	GlobalSection(SolutionProperties) = preSolution
		HideSolutionNode = FALSE
	EndGlobalSection
EndGlobal
